
Microsoft Visual Studio Solution File, Format Version 12.00
# Visual Studio Version 18
VisualStudioVersion = 18.3.11218.70 d18.3
MinimumVisualStudioVersion = 10.0.40219.1
Project("{FAE04EC0-301F-11D3-BF4B-00C04F79EFBC}") = "SlyMultiTrainer", "SlyMultiTrainer\SlyMultiTrainer.csproj", "{59781273-5BFB-464D-8165-998303F3FE60}"
EndProject
Global
	GlobalSection(SolutionConfigurationPlatforms) = preSolution
		Debug|Any CPU = Debug|Any CPU
		Release|Any CPU = Release|Any CPU
	EndGlobalSection
	GlobalSection(ProjectConfigurationPlatforms) = postSolution
		{59781273-5BFB-464D-8165-998303F3FE60}.Debug|Any CPU.ActiveCfg = Debug|Any CPU
		{59781273-5BFB-464D-8165-998303F3FE60}.Debug|Any CPU.Build.0 = Debug|Any CPU
		{59781273-5BFB-464D-8165-998303F3FE60}.Release|Any CPU.ActiveCfg = Release|Any CPU
		{59781273-5BFB-464D-8165-998303F3FE60}.Release|Any CPU.Build.0 = Release|Any CPU
	EndGlobalSection
	GlobalSection(SolutionProperties) = preSolution
		HideSolutionNode = FALSE
	EndGlobalSection
	GlobalSection(ExtensibilityGlobals) = postSolution
		SolutionGuid = {60B360EE-6457-45A1-BD6B-0547A9691FB5}
	EndGlobalSection
EndGlobal
